
Microsoft Visual Studio Solution File, Format Version 12.00
# Visual Studio Version 17
VisualStudioVersion = 17.10.35013.160
MinimumVisualStudioVersion = 10.0.40219.1
Project("{9A19103F-16F7-4668-BE54-9A1E7A4F7556}") = "DotNet7.BlazorWebApp", "DotNet7.BlazorWebApp\DotNet7.BlazorWebApp.csproj", "{58519883-AA49-4465-B73C-711BD09EAEB9}"
EndProject
Project("{9A19103F-16F7-4668-BE54-9A1E7A4F7556}") = "DotNet7.BlazorWebApp.WebApi", "DotNet7.BlazorWebApp.WebApi\DotNet7.BlazorWebApp.WebApi.csproj", "{B8C1AF1C-494B-4A21-9D69-26B038C04DBE}"
EndProject
Project("{FAE04EC0-301F-11D3-BF4B-00C04F79EFBC}") = "DotNet7.BlazorWebApp.BlazorServerApp", "DotNet7.BlazorWebApp.BlazorServerApp\DotNet7.BlazorWebApp.BlazorServerApp.csproj", "{F3A48202-30C8-4C55-AECE-51BB20AF0929}"
EndProject
Global
	GlobalSection(SolutionConfigurationPlatforms) = preSolution
		Debug|Any CPU = Debug|Any CPU
		Release|Any CPU = Release|Any CPU
	EndGlobalSection
	GlobalSection(ProjectConfigurationPlatforms) = postSolution
		{58519883-AA49-4465-B73C-711BD09EAEB9}.Debug|Any CPU.ActiveCfg = Debug|Any CPU
		{58519883-AA49-4465-B73C-711BD09EAEB9}.Debug|Any CPU.Build.0 = Debug|Any CPU
		{58519883-AA49-4465-B73C-711BD09EAEB9}.Release|Any CPU.ActiveCfg = Release|Any CPU
		{58519883-AA49-4465-B73C-711BD09EAEB9}.Release|Any CPU.Build.0 = Release|Any CPU
		{B8C1AF1C-494B-4A21-9D69-26B038C04DBE}.Debug|Any CPU.ActiveCfg = Debug|Any CPU
		{B8C1AF1C-494B-4A21-9D69-26B038C04DBE}.Debug|Any CPU.Build.0 = Debug|Any CPU
		{B8C1AF1C-494B-4A21-9D69-26B038C04DBE}.Release|Any CPU.ActiveCfg = Release|Any CPU
		{B8C1AF1C-494B-4A21-9D69-26B038C04DBE}.Release|Any CPU.Build.0 = Release|Any CPU
		{F3A48202-30C8-4C55-AECE-51BB20AF0929}.Debug|Any CPU.ActiveCfg = Debug|Any CPU
		{F3A48202-30C8-4C55-AECE-51BB20AF0929}.Debug|Any CPU.Build.0 = Debug|Any CPU
		{F3A48202-30C8-4C55-AECE-51BB20AF0929}.Release|Any CPU.ActiveCfg = Release|Any CPU
		{F3A48202-30C8-4C55-AECE-51BB20AF0929}.Release|Any CPU.Build.0 = Release|Any CPU
	EndGlobalSection
	GlobalSection(SolutionProperties) = preSolution
		HideSolutionNode = FALSE
	EndGlobalSection
	GlobalSection(ExtensibilityGlobals) = postSolution
		SolutionGuid = {F4B0A544-F353-43E7-9C6F-391E06E3EA21}
	EndGlobalSection
EndGlobal
